
Microsoft Visual Studio Solution File, Format Version 12.00
# Visual Studio Version 16
VisualStudioVersion = 16.0.30611.23
MinimumVisualStudioVersion = 10.0.40219.1
Project("{159641D6-6404-4A2A-AE62-294DE0FE8301}") = "DWPubsSalesETL", "DWPubsSalesETL\DWPubsSalesETL.dtproj", "{C4157C1D-0717-4A44-B923-E096B5DC590B}"
EndProject
Global
	GlobalSection(SolutionConfigurationPlatforms) = preSolution
		Development|Default = Development|Default
	EndGlobalSection
	GlobalSection(ProjectConfigurationPlatforms) = postSolution
		{C4157C1D-0717-4A44-B923-E096B5DC590B}.Development|Default.ActiveCfg = Development
		{C4157C1D-0717-4A44-B923-E096B5DC590B}.Development|Default.Build.0 = Development
	EndGlobalSection
	GlobalSection(SolutionProperties) = preSolution
		HideSolutionNode = FALSE
	EndGlobalSection
	GlobalSection(ExtensibilityGlobals) = postSolution
		SolutionGuid = {43B3FEBC-6F2A-4606-B7D4-AEE5980D2816}
	EndGlobalSection
EndGlobal
